
Microsoft Visual Studio Solution File, Format Version 12.00
# Visual Studio Version 18
VisualStudioVersion = 18.1.11312.151 d18.0
MinimumVisualStudioVersion = 10.0.40219.1
Project("{FAE04EC0-301F-11D3-BF4B-00C04F79EFBC}") = "HotLavaArchipelagoPlugin", "HotLavaArchipelagoPlugin.csproj", "{655D2F07-5367-5011-3141-1938D0A7D1BB}"
EndProject
Global
	GlobalSection(SolutionConfigurationPlatforms) = preSolution
		Debug|Any CPU = Debug|Any CPU
		Release|Any CPU = Release|Any CPU
	EndGlobalSection
	GlobalSection(ProjectConfigurationPlatforms) = postSolution
		{655D2F07-5367-5011-3141-1938D0A7D1BB}.Debug|Any CPU.ActiveCfg = Debug|Any CPU
		{655D2F07-5367-5011-3141-1938D0A7D1BB}.Debug|Any CPU.Build.0 = Debug|Any CPU
		{655D2F07-5367-5011-3141-1938D0A7D1BB}.Release|Any CPU.ActiveCfg = Release|Any CPU
		{655D2F07-5367-5011-3141-1938D0A7D1BB}.Release|Any CPU.Build.0 = Release|Any CPU
	EndGlobalSection
	GlobalSection(SolutionProperties) = preSolution
		HideSolutionNode = FALSE
	EndGlobalSection
	GlobalSection(ExtensibilityGlobals) = postSolution
		SolutionGuid = {219B480A-2274-4DBD-ABEF-64B177DCB1B2}
	EndGlobalSection
EndGlobal
